
Microsoft Visual Studio Solution File, Format Version 12.00
# Visual Studio Version 17
VisualStudioVersion = 17.7.34221.43
MinimumVisualStudioVersion = 10.0.40219.1
Project("{FAE04EC0-301F-11D3-BF4B-00C04F79EFBC}") = "switchip", "switchip\switchip.csproj", "{93863F2B-889A-4F4B-BC70-924C80FF7FA1}"
EndProject
Global
	GlobalSection(SolutionConfigurationPlatforms) = preSolution
		Debug|Any CPU = Debug|Any CPU
		Release|Any CPU = Release|Any CPU
	EndGlobalSection
	GlobalSection(ProjectConfigurationPlatforms) = postSolution
		{93863F2B-889A-4F4B-BC70-924C80FF7FA1}.Debug|Any CPU.ActiveCfg = Debug|Any CPU
		{93863F2B-889A-4F4B-BC70-924C80FF7FA1}.Debug|Any CPU.Build.0 = Debug|Any CPU
		{93863F2B-889A-4F4B-BC70-924C80FF7FA1}.Release|Any CPU.ActiveCfg = Release|Any CPU
		{93863F2B-889A-4F4B-BC70-924C80FF7FA1}.Release|Any CPU.Build.0 = Release|Any CPU
	EndGlobalSection
	GlobalSection(SolutionProperties) = preSolution
		HideSolutionNode = FALSE
	EndGlobalSection
	GlobalSection(ExtensibilityGlobals) = postSolution
		SolutionGuid = {C12996B4-0D87-4734-BB1E-FB077A7F5A98}
	EndGlobalSection
EndGlobal
